
Microsoft Visual Studio Solution File, Format Version 12.00
# Visual Studio Version 17
VisualStudioVersion = 17.14.36811.4 d17.14
MinimumVisualStudioVersion = 10.0.40219.1
Project("{FAE04EC0-301F-11D3-BF4B-00C04F79EFBC}") = "Hmoe Maintenance", "Hmoe Maintenance\Hmoe Maintenance.csproj", "{3CF56003-C789-4B0C-A00F-6A98F7043F56}"
EndProject
Global
	GlobalSection(SolutionConfigurationPlatforms) = preSolution
		Debug|Any CPU = Debug|Any CPU
		Release|Any CPU = Release|Any CPU
	EndGlobalSection
	GlobalSection(ProjectConfigurationPlatforms) = postSolution
		{3CF56003-C789-4B0C-A00F-6A98F7043F56}.Debug|Any CPU.ActiveCfg = Debug|Any CPU
		{3CF56003-C789-4B0C-A00F-6A98F7043F56}.Debug|Any CPU.Build.0 = Debug|Any CPU
		{3CF56003-C789-4B0C-A00F-6A98F7043F56}.Release|Any CPU.ActiveCfg = Release|Any CPU
		{3CF56003-C789-4B0C-A00F-6A98F7043F56}.Release|Any CPU.Build.0 = Release|Any CPU
	EndGlobalSection
	GlobalSection(SolutionProperties) = preSolution
		HideSolutionNode = FALSE
	EndGlobalSection
	GlobalSection(ExtensibilityGlobals) = postSolution
		SolutionGuid = {A32ED6CD-77F5-4F6C-A6BD-1A8B49430AAE}
	EndGlobalSection
EndGlobal
